{
  "name": "iptv-proxy",
  "version": "1.0.0",
  "lockfileVersion": 3,
  "requires": true,
  "packages": {
    "": {
      "name": "iptv-proxy",
      "version": "1.0.0",
      "dependencies": {
        "express": "^4.18.2",
        "node-fetch": "^3.3.2"
      }
    },
    "node_modules/accepts": {
      "version": "1.3.8"
    },
    "node_modules/array-flatten": {
      "version": "1.1.1"
    },
    "node_modules/body-parser": {
      "version": "1.20.1"
    },
    "node_modules/content-disposition": {
      "version": "0.5.4"
    },
    "node_modules/cookie": {
      "version": "0.5.0"
    },
    "node_modules/cookie-signature": {
      "version": "1.0.6"
    },
    "node_modules/debug": {
      "version": "2.6.9"
    },
    "node_modules/express": {
      "version": "4.18.2"
    },
    "node_modules/fresh": {
      "version": "0.5.2"
    },
    "node_modules/merge-descriptors": {
      "version": "1.0.1"
    },
    "node_modules/methods": {
      "version": "1.1.2"
    },
    "node_modules/node-fetch": {
      "version": "3.3.2"
    },
    "node_modules/path-to-regexp": {
      "version": "0.1.7"
    },
    "node_modules/proxy-addr": {
      "version": "2.0.7"
    },
    "node_modules/qs": {
      "version": "6.11.0"
    }
  }
}
